
Microsoft Visual Studio Solution File, Format Version 12.00
# Visual Studio Version 17
VisualStudioVersion = 17.6.33815.320
MinimumVisualStudioVersion = 10.0.40219.1
Project("{9A19103F-16F7-4668-BE54-9A1E7A4F7556}") = "FitnessClubExample", "FitnessClubExample\FitnessClubExample.csproj", "{808292BF-D5DB-40A3-A2C0-ECB814448936}"
EndProject
Project("{FAE04EC0-301F-11D3-BF4B-00C04F79EFBC}") = "Explanation", "Explanation\Explanation.csproj", "{7520FD82-381D-4CD1-83EA-875587692AE0}"
EndProject
Global
	GlobalSection(SolutionConfigurationPlatforms) = preSolution
		Debug|Any CPU = Debug|Any CPU
		Release|Any CPU = Release|Any CPU
	EndGlobalSection
	GlobalSection(ProjectConfigurationPlatforms) = postSolution
		{808292BF-D5DB-40A3-A2C0-ECB814448936}.Debug|Any CPU.ActiveCfg = Debug|Any CPU
		{808292BF-D5DB-40A3-A2C0-ECB814448936}.Debug|Any CPU.Build.0 = Debug|Any CPU
		{808292BF-D5DB-40A3-A2C0-ECB814448936}.Release|Any CPU.ActiveCfg = Release|Any CPU
		{808292BF-D5DB-40A3-A2C0-ECB814448936}.Release|Any CPU.Build.0 = Release|Any CPU
		{7520FD82-381D-4CD1-83EA-875587692AE0}.Debug|Any CPU.ActiveCfg = Debug|Any CPU
		{7520FD82-381D-4CD1-83EA-875587692AE0}.Debug|Any CPU.Build.0 = Debug|Any CPU
		{7520FD82-381D-4CD1-83EA-875587692AE0}.Release|Any CPU.ActiveCfg = Release|Any CPU
		{7520FD82-381D-4CD1-83EA-875587692AE0}.Release|Any CPU.Build.0 = Release|Any CPU
	EndGlobalSection
	GlobalSection(SolutionProperties) = preSolution
		HideSolutionNode = FALSE
	EndGlobalSection
	GlobalSection(ExtensibilityGlobals) = postSolution
		SolutionGuid = {9E256997-4FDD-4166-A1A8-BB1B0BAC314A}
	EndGlobalSection
EndGlobal
